
Microsoft Visual Studio Solution File, Format Version 12.00
# Visual Studio 2013
VisualStudioVersion = 12.0.30723.0
MinimumVisualStudioVersion = 10.0.40219.1
Project("{FAE04EC0-301F-11D3-BF4B-00C04F79EFBC}") = "DropDownListChosen", "DropDownListChosen.csproj", "{364A13B3-CDD1-4B5C-8694-D54D9D5CC9EF}"
EndProject
Project("{FAE04EC0-301F-11D3-BF4B-00C04F79EFBC}") = "Demo.Web", "..\Demo.Web\Demo.Web.csproj", "{3E1899C9-BC91-4236-B077-7401E0AC116A}"
EndProject
Global
	GlobalSection(SolutionConfigurationPlatforms) = preSolution
		Debug|Any CPU = Debug|Any CPU
		Release|Any CPU = Release|Any CPU
	EndGlobalSection
	GlobalSection(ProjectConfigurationPlatforms) = postSolution
		{364A13B3-CDD1-4B5C-8694-D54D9D5CC9EF}.Debug|Any CPU.ActiveCfg = Debug|Any CPU
		{364A13B3-CDD1-4B5C-8694-D54D9D5CC9EF}.Debug|Any CPU.Build.0 = Debug|Any CPU
		{364A13B3-CDD1-4B5C-8694-D54D9D5CC9EF}.Release|Any CPU.ActiveCfg = Release|Any CPU
		{364A13B3-CDD1-4B5C-8694-D54D9D5CC9EF}.Release|Any CPU.Build.0 = Release|Any CPU
		{3E1899C9-BC91-4236-B077-7401E0AC116A}.Debug|Any CPU.ActiveCfg = Debug|Any CPU
		{3E1899C9-BC91-4236-B077-7401E0AC116A}.Debug|Any CPU.Build.0 = Debug|Any CPU
		{3E1899C9-BC91-4236-B077-7401E0AC116A}.Release|Any CPU.ActiveCfg = Release|Any CPU
		{3E1899C9-BC91-4236-B077-7401E0AC116A}.Release|Any CPU.Build.0 = Release|Any CPU
	EndGlobalSection
	GlobalSection(SolutionProperties) = preSolution
		HideSolutionNode = FALSE
	EndGlobalSection
EndGlobal
